Microsoft Visual Studio Solution File, Format Version 11.00
# Visual Studio 2008

Project("{2F2AD3D4-902F-72CE-FF9D-C7E9D83B6335}") = "VR4VR", "Assembly-CSharp.csproj", "{5943284A-2B77-0F2B-08C6-0602AC7F21CE}"
EndProject
Project("{2F2AD3D4-902F-72CE-FF9D-C7E9D83B6335}") = "VR4VR", "Assembly-CSharp-Editor.csproj", "{F9DF4AA7-CE41-DEB2-C2D0-78DA13A5B7E8}"
EndProject
Global
	GlobalSection(SolutionConfigurationPlatforms) = preSolution
		Debug|Any CPU = Debug|Any CPU
		Release|Any CPU = Release|Any CPU
	EndGlobalSection
	GlobalSection(ProjectConfigurationPlatforms) = postSolution
		{5943284A-2B77-0F2B-08C6-0602AC7F21CE}.Debug|Any CPU.ActiveCfg = Debug|Any CPU
		{5943284A-2B77-0F2B-08C6-0602AC7F21CE}.Debug|Any CPU.Build.0 = Debug|Any CPU
		{5943284A-2B77-0F2B-08C6-0602AC7F21CE}.Release|Any CPU.ActiveCfg = Release|Any CPU
		{5943284A-2B77-0F2B-08C6-0602AC7F21CE}.Release|Any CPU.Build.0 = Release|Any CPU
		{F9DF4AA7-CE41-DEB2-C2D0-78DA13A5B7E8}.Debug|Any CPU.ActiveCfg = Debug|Any CPU
		{F9DF4AA7-CE41-DEB2-C2D0-78DA13A5B7E8}.Debug|Any CPU.Build.0 = Debug|Any CPU
		{F9DF4AA7-CE41-DEB2-C2D0-78DA13A5B7E8}.Release|Any CPU.ActiveCfg = Release|Any CPU
		{F9DF4AA7-CE41-DEB2-C2D0-78DA13A5B7E8}.Release|Any CPU.Build.0 = Release|Any CPU
	EndGlobalSection
	GlobalSection(SolutionProperties) = preSolution
		HideSolutionNode = FALSE
	EndGlobalSection
																																																																																																																																																																																																																																																																																																																																																																																																																																																																																																																																																																																																																																																																																																																																																																																																																																																																																																																																	GlobalSection(MonoDevelopProperties) = preSolution
		StartupItem = Assembly-CSharp.csproj
		Policies = $0
		$0.TextStylePolicy = $1
		$1.inheritsSet = null
		$1.scope = text/x-csharp
		$0.CSharpFormattingPolicy = $2
		$2.inheritsSet = Mono
		$2.inheritsScope = text/x-csharp
		$2.scope = text/x-csharp
		$0.TextStylePolicy = $3
		$3.FileWidth = 120
		$3.TabWidth = 4
		$3.EolMarker = Unix
		$3.inheritsSet = Mono
		$3.inheritsScope = text/plain
		$3.scope = text/plain
	EndGlobalSection

EndGlobal
